
Microsoft Visual Studio Solution File, Format Version 12.00
# Visual Studio Version 17
VisualStudioVersion = 17.8.34408.163
MinimumVisualStudioVersion = 10.0.40219.1
Project("{FAE04EC0-301F-11D3-BF4B-00C04F79EFBC}") = "C#RampUp", "C#RampUp\C#RampUp.csproj", "{ABCBC606-19E7-47E4-85C1-B18166422A21}"
EndProject
Global
	GlobalSection(SolutionConfigurationPlatforms) = preSolution
		Debug|Any CPU = Debug|Any CPU
		Release|Any CPU = Release|Any CPU
	EndGlobalSection
	GlobalSection(ProjectConfigurationPlatforms) = postSolution
		{ABCBC606-19E7-47E4-85C1-B18166422A21}.Debug|Any CPU.ActiveCfg = Debug|Any CPU
		{ABCBC606-19E7-47E4-85C1-B18166422A21}.Debug|Any CPU.Build.0 = Debug|Any CPU
		{ABCBC606-19E7-47E4-85C1-B18166422A21}.Release|Any CPU.ActiveCfg = Release|Any CPU
		{ABCBC606-19E7-47E4-85C1-B18166422A21}.Release|Any CPU.Build.0 = Release|Any CPU
	EndGlobalSection
	GlobalSection(SolutionProperties) = preSolution
		HideSolutionNode = FALSE
	EndGlobalSection
	GlobalSection(ExtensibilityGlobals) = postSolution
		SolutionGuid = {AF55CC13-D01C-4DEA-923A-8E1A230930E1}
	EndGlobalSection
EndGlobal
